version = 2

[dependencies._self]
path = "."

[dependencies.anthropic-skills]
url = "github.com/anthropics/skills"
commit = "da20c92503b2e8ff1cf28ca81a0df4673debdbf7"

[dependencies.meridian-base]
url = "github.com/meridian-flow/meridian-base"
version = "v0.6.0"
commit = "986fbee29f9a285eec54ed1b9826e9034878a5dd"

[dependencies.meridian-prompter]
url = "github.com/meridian-flow/meridian-prompter"
version = "v0.2.2"
commit = "65d93b0a0e18a89cfd1ac001a4b7ed410bb10231"

[dependencies.playwright-cli]
url = "github.com/microsoft/playwright-cli"
version = "main"
commit = "3a1bafc8b4e973c72d0364eb5b427d1ce0aa8317"

[items."agent/browser-probe"]
source = "_self"
kind = "agent"
source_checksum = "sha256:eee0ce3d37dee54224fea465ad77290e1c390f1c5fd58471cea868ff0524f06d"

[[items."agent/browser-probe".outputs]]
target_root = ".mars"
dest_path = "agents/browser-probe.md"
installed_checksum = "sha256:eee0ce3d37dee54224fea465ad77290e1c390f1c5fd58471cea868ff0524f06d"

[items."agent/explorer"]
source = "meridian-base"
kind = "agent"
version = "v0.6.0"
source_checksum = "sha256:fdce361e9ead2de011774ae14b1dc6537ee2fd08b1f6eabcf897cceb3c80afc6"

[[items."agent/explorer".outputs]]
target_root = ".mars"
dest_path = "agents/explorer.md"
installed_checksum = "sha256:fdce361e9ead2de011774ae14b1dc6537ee2fd08b1f6eabcf897cceb3c80afc6"

[items."agent/gpt-dev"]
source = "_self"
kind = "agent"
source_checksum = "sha256:df7ae0f4c1ab7598a5797469adb9c766fd4096736aa15c40b1c506a90e9536b1"

[[items."agent/gpt-dev".outputs]]
target_root = ".mars"
dest_path = "agents/gpt-dev.md"
installed_checksum = "sha256:df7ae0f4c1ab7598a5797469adb9c766fd4096736aa15c40b1c506a90e9536b1"

[items."agent/kb-maintainer"]
source = "meridian-base"
kind = "agent"
version = "v0.6.0"
source_checksum = "sha256:1a4c6a7cade202db19509c19ea3267c3bd39729b9d17655ba621dc2690869115"

[[items."agent/kb-maintainer".outputs]]
target_root = ".mars"
dest_path = "agents/kb-maintainer.md"
installed_checksum = "sha256:1a4c6a7cade202db19509c19ea3267c3bd39729b9d17655ba621dc2690869115"

[items."agent/kb-writer"]
source = "meridian-base"
kind = "agent"
version = "v0.6.0"
source_checksum = "sha256:2768128f11267c03155191748fb3e918bd1aaeb38c44fde241249af2b28db279"

[[items."agent/kb-writer".outputs]]
target_root = ".mars"
dest_path = "agents/kb-writer.md"
installed_checksum = "sha256:2768128f11267c03155191748fb3e918bd1aaeb38c44fde241249af2b28db279"

[items."agent/meridian-default-orchestrator"]
source = "meridian-base"
kind = "agent"
version = "v0.6.0"
source_checksum = "sha256:0a5a286d92f780f4de822d374b26889c9b25e257bb8e4d6a77e66a39664904f1"

[[items."agent/meridian-default-orchestrator".outputs]]
target_root = ".claude"
dest_path = "agents/meridian-default-orchestrator.md"
installed_checksum = "sha256:03aee0bebe85e598cc4df957ce367fb8a38169ad466801d5a8cec4418874ac65"

[[items."agent/meridian-default-orchestrator".outputs]]
target_root = ".mars"
dest_path = "agents/meridian-default-orchestrator.md"
installed_checksum = "sha256:0a5a286d92f780f4de822d374b26889c9b25e257bb8e4d6a77e66a39664904f1"

[items."agent/meridian-subagent"]
source = "meridian-base"
kind = "agent"
version = "v0.6.0"
source_checksum = "sha256:2e4a07dc7a8232f08bac6b28e8d0fdcb00ba1012773d98f490607364ccbefa1b"

[[items."agent/meridian-subagent".outputs]]
target_root = ".mars"
dest_path = "agents/meridian-subagent.md"
installed_checksum = "sha256:2e4a07dc7a8232f08bac6b28e8d0fdcb00ba1012773d98f490607364ccbefa1b"

[items."agent/probe"]
source = "_self"
kind = "agent"
source_checksum = "sha256:6d69396ebfa958863aaf78357e6bcf22c9bbd2c7d99135e5a58c1d2af752f13c"

[[items."agent/probe".outputs]]
target_root = ".mars"
dest_path = "agents/probe.md"
installed_checksum = "sha256:6d69396ebfa958863aaf78357e6bcf22c9bbd2c7d99135e5a58c1d2af752f13c"

[items."agent/prompt-dev"]
source = "meridian-prompter"
kind = "agent"
version = "v0.2.2"
source_checksum = "sha256:7e872db4c11517c44c0471b4166a05629ba32e03bd4136bd5ee2752323facc87"

[[items."agent/prompt-dev".outputs]]
target_root = ".claude"
dest_path = "agents/prompt-dev.md"
installed_checksum = "sha256:c8cc0f36f83bc8a067df984984f7a9f93c795c7e879c1a225f6fb2767f055822"

[[items."agent/prompt-dev".outputs]]
target_root = ".mars"
dest_path = "agents/prompt-dev.md"
installed_checksum = "sha256:7e872db4c11517c44c0471b4166a05629ba32e03bd4136bd5ee2752323facc87"

[items."agent/prompt-reviewer"]
source = "meridian-prompter"
kind = "agent"
version = "v0.2.2"
source_checksum = "sha256:cb45af21c1de8cde21971239692663352daad467802e618aa1515fd4540e1dd8"

[[items."agent/prompt-reviewer".outputs]]
target_root = ".mars"
dest_path = "agents/prompt-reviewer.md"
installed_checksum = "sha256:cb45af21c1de8cde21971239692663352daad467802e618aa1515fd4540e1dd8"

[items."agent/prompt-tester"]
source = "meridian-prompter"
kind = "agent"
version = "v0.2.2"
source_checksum = "sha256:b49a561a9279abb259798079ea2d29526536dd6645f140c055be2dbdedf153bd"

[[items."agent/prompt-tester".outputs]]
target_root = ".mars"
dest_path = "agents/prompt-tester.md"
installed_checksum = "sha256:b49a561a9279abb259798079ea2d29526536dd6645f140c055be2dbdedf153bd"

[items."agent/python-tool-writer"]
source = "meridian-prompter"
kind = "agent"
version = "v0.2.2"
source_checksum = "sha256:7c454478fad4d27e40c66d0047bd42e403d83cb4334d239f0972d5cde016fe67"

[[items."agent/python-tool-writer".outputs]]
target_root = ".mars"
dest_path = "agents/python-tool-writer.md"
installed_checksum = "sha256:7c454478fad4d27e40c66d0047bd42e403d83cb4334d239f0972d5cde016fe67"

[items."agent/session-explorer"]
source = "meridian-base"
kind = "agent"
version = "v0.6.0"
source_checksum = "sha256:cc2b3b8d9aa4dd0f3cb72782967182a983b07f9d3d0cadfe7c42c0846bdb2bfb"

[[items."agent/session-explorer".outputs]]
target_root = ".mars"
dest_path = "agents/session-explorer.md"
installed_checksum = "sha256:cc2b3b8d9aa4dd0f3cb72782967182a983b07f9d3d0cadfe7c42c0846bdb2bfb"

[items."agent/web-prompt-researcher"]
source = "meridian-prompter"
kind = "agent"
version = "v0.2.2"
source_checksum = "sha256:1485bc6725d07e2d1565f0ad4af1485cf8d1dd23c4504f669fda51557188b445"

[[items."agent/web-prompt-researcher".outputs]]
target_root = ".mars"
dest_path = "agents/web-prompt-researcher.md"
installed_checksum = "sha256:1485bc6725d07e2d1565f0ad4af1485cf8d1dd23c4504f669fda51557188b445"

[items."bootstrap-doc/context-setup"]
source = "meridian-base"
kind = "bootstrapdoc"
version = "v0.6.0"
source_checksum = "sha256:661a72b41dd8157a0ad291e4354537701e8901c92f2b622141ea54ffe8db34da"

[[items."bootstrap-doc/context-setup".outputs]]
target_root = ".mars"
dest_path = "bootstrap/context-setup/BOOTSTRAP.md"
installed_checksum = "sha256:661a72b41dd8157a0ad291e4354537701e8901c92f2b622141ea54ffe8db34da"

[items."bootstrap-doc/harness-setup"]
source = "meridian-base"
kind = "bootstrapdoc"
version = "v0.6.0"
source_checksum = "sha256:838a25f2a5ceae609c59e6f2f16f11ba9e18980f6fd9fe9704a003c59dccf227"

[[items."bootstrap-doc/harness-setup".outputs]]
target_root = ".mars"
dest_path = "bootstrap/harness-setup/BOOTSTRAP.md"
installed_checksum = "sha256:838a25f2a5ceae609c59e6f2f16f11ba9e18980f6fd9fe9704a003c59dccf227"

[items."bootstrap-doc/meridian-guide"]
source = "meridian-base"
kind = "bootstrapdoc"
version = "v0.6.0"
source_checksum = "sha256:60f907391073f6966174905413af3d957ab45bbec60f82d269e892ec02f71416"

[[items."bootstrap-doc/meridian-guide".outputs]]
target_root = ".mars"
dest_path = "bootstrap/meridian-guide/BOOTSTRAP.md"
installed_checksum = "sha256:60f907391073f6966174905413af3d957ab45bbec60f82d269e892ec02f71416"

[items."bootstrap-doc/project-knowledge"]
source = "meridian-base"
kind = "bootstrapdoc"
version = "v0.6.0"
source_checksum = "sha256:93fdf84cc9b466a456fe0db033f4a9fced6553f4fc86b552d9b607047ab5f0af"

[[items."bootstrap-doc/project-knowledge".outputs]]
target_root = ".mars"
dest_path = "bootstrap/project-knowledge/BOOTSTRAP.md"
installed_checksum = "sha256:93fdf84cc9b466a456fe0db033f4a9fced6553f4fc86b552d9b607047ab5f0af"

[items."bootstrap-doc/workspace-setup"]
source = "meridian-base"
kind = "bootstrapdoc"
version = "v0.6.0"
source_checksum = "sha256:12cfc12a6df6683b0f1004648458fcc81ce16c0f2ecd4be713cfa5aabd93b373"

[[items."bootstrap-doc/workspace-setup".outputs]]
target_root = ".mars"
dest_path = "bootstrap/workspace-setup/BOOTSTRAP.md"
installed_checksum = "sha256:12cfc12a6df6683b0f1004648458fcc81ce16c0f2ecd4be713cfa5aabd93b373"

[items."skill/agent-artifacts"]
source = "meridian-prompter"
kind = "skill"
version = "v0.2.2"
source_checksum = "sha256:79f174b7c2493c0f8a4681a684ab3fb76a756bde8e224d8d823d8d88045c98d4"

[[items."skill/agent-artifacts".outputs]]
target_root = ".claude"
dest_path = "skills/agent-artifacts"
installed_checksum = "sha256:38be047a4d0515fc1d797be26d3aed72fbec7b6101cbc6a0fd32fe0059b689ce"

[[items."skill/agent-artifacts".outputs]]
target_root = ".codex"
dest_path = "skills/agent-artifacts"
installed_checksum = "sha256:a9c31860718a998cf6fd2cbd9afad395057101c371a6a0fa7ba0002eacfcb305"

[[items."skill/agent-artifacts".outputs]]
target_root = ".mars"
dest_path = "skills/agent-artifacts"
installed_checksum = "sha256:79f174b7c2493c0f8a4681a684ab3fb76a756bde8e224d8d823d8d88045c98d4"

[[items."skill/agent-artifacts".outputs]]
target_root = ".opencode"
dest_path = "skills/agent-artifacts"
installed_checksum = "sha256:575eebb55e99185f1f2028141e40f49613e41bb6f1535239f2c9690a1651f350"

[items."skill/agent-management"]
source = "meridian-base"
kind = "skill"
version = "v0.6.0"
source_checksum = "sha256:8275767e68d34d1ec194cfd42363f8f2c8081fad32a09c9501311a2fec9e5eef"

[[items."skill/agent-management".outputs]]
target_root = ".claude"
dest_path = "skills/agent-management"
installed_checksum = "sha256:ef41f230de926848ec1988b5ffac5e049c8505012fa02ea66a45ef59ad1e070d"

[[items."skill/agent-management".outputs]]
target_root = ".codex"
dest_path = "skills/agent-management"
installed_checksum = "sha256:e6f08a23682f15bf09217b0db8e7a3728e2a43518f27bcbb2cb1336b19320cd4"

[[items."skill/agent-management".outputs]]
target_root = ".mars"
dest_path = "skills/agent-management"
installed_checksum = "sha256:8275767e68d34d1ec194cfd42363f8f2c8081fad32a09c9501311a2fec9e5eef"

[[items."skill/agent-management".outputs]]
target_root = ".opencode"
dest_path = "skills/agent-management"
installed_checksum = "sha256:ef41f230de926848ec1988b5ffac5e049c8505012fa02ea66a45ef59ad1e070d"

[items."skill/clear-mind"]
source = "meridian-base"
kind = "skill"
version = "v0.6.0"
source_checksum = "sha256:a2c9ea965c85d1bdea72df0f0743d39a2da387a8ddcb77be80dcde26f4bc0a3a"

[[items."skill/clear-mind".outputs]]
target_root = ".claude"
dest_path = "skills/clear-mind"
installed_checksum = "sha256:f9f690f4357bf213cd94d117d228979ddfd62065882cd167cf8d212dd9cfc98c"

[[items."skill/clear-mind".outputs]]
target_root = ".codex"
dest_path = "skills/clear-mind"
installed_checksum = "sha256:ccbd96ec0060ddb074678d479fd307b8deb13b3e548828a159c0f5229b150640"

[[items."skill/clear-mind".outputs]]
target_root = ".mars"
dest_path = "skills/clear-mind"
installed_checksum = "sha256:a2c9ea965c85d1bdea72df0f0743d39a2da387a8ddcb77be80dcde26f4bc0a3a"

[[items."skill/clear-mind".outputs]]
target_root = ".opencode"
dest_path = "skills/clear-mind"
installed_checksum = "sha256:f9f690f4357bf213cd94d117d228979ddfd62065882cd167cf8d212dd9cfc98c"

[items."skill/decision-log"]
source = "meridian-base"
kind = "skill"
version = "v0.6.0"
source_checksum = "sha256:3e836240f03c1f05d5b42c11c24021927c53417b0bc47c94acaf6e42ae945fc7"

[[items."skill/decision-log".outputs]]
target_root = ".claude"
dest_path = "skills/decision-log"
installed_checksum = "sha256:04d899763410ff2d3ec0e6ec673e28032ab7d103a714bcc8cf51b67d4b482d3d"

[[items."skill/decision-log".outputs]]
target_root = ".codex"
dest_path = "skills/decision-log"
installed_checksum = "sha256:978a4254eac64e0f0f2ee2e2a997b8a01464e6d860644fb0a9431b5e74facf60"

[[items."skill/decision-log".outputs]]
target_root = ".mars"
dest_path = "skills/decision-log"
installed_checksum = "sha256:3e836240f03c1f05d5b42c11c24021927c53417b0bc47c94acaf6e42ae945fc7"

[[items."skill/decision-log".outputs]]
target_root = ".opencode"
dest_path = "skills/decision-log"
installed_checksum = "sha256:04d899763410ff2d3ec0e6ec673e28032ab7d103a714bcc8cf51b67d4b482d3d"

[items."skill/decision-logging"]
source = "meridian-base"
kind = "skill"
version = "v0.6.0"
source_checksum = "sha256:a4409156339a93eb9b7ad8915c0eede4e68dffa6354670878ca46455d31a51b8"

[[items."skill/decision-logging".outputs]]
target_root = ".claude"
dest_path = "skills/decision-logging"
installed_checksum = "sha256:6a1f4248eb0351028d8ba6037602d6652f5a825afb846d386b6cf913773ab6a6"

[[items."skill/decision-logging".outputs]]
target_root = ".codex"
dest_path = "skills/decision-logging"
installed_checksum = "sha256:fde9ebb04ff5a5652046ba6a11cf275d9770172552b3cfdec922848c1c6880f0"

[[items."skill/decision-logging".outputs]]
target_root = ".mars"
dest_path = "skills/decision-logging"
installed_checksum = "sha256:a4409156339a93eb9b7ad8915c0eede4e68dffa6354670878ca46455d31a51b8"

[[items."skill/decision-logging".outputs]]
target_root = ".opencode"
dest_path = "skills/decision-logging"
installed_checksum = "sha256:6a1f4248eb0351028d8ba6037602d6652f5a825afb846d386b6cf913773ab6a6"

[items."skill/delegation"]
source = "meridian-base"
kind = "skill"
version = "v0.6.0"
source_checksum = "sha256:723eab5693764dba1754ef6d5044a7f35c9bb50a4ca0010f210ec2ab30e49ab4"

[[items."skill/delegation".outputs]]
target_root = ".claude"
dest_path = "skills/delegation"
installed_checksum = "sha256:b622574fa9382d99e1f2db49f07bbcad8ba10499101c6497775d50c1f7eed2a6"

[[items."skill/delegation".outputs]]
target_root = ".codex"
dest_path = "skills/delegation"
installed_checksum = "sha256:e5a130d263b826bc7e28622429955bb917dd0c5c92454a434908531c02cc9c17"

[[items."skill/delegation".outputs]]
target_root = ".mars"
dest_path = "skills/delegation"
installed_checksum = "sha256:723eab5693764dba1754ef6d5044a7f35c9bb50a4ca0010f210ec2ab30e49ab4"

[[items."skill/delegation".outputs]]
target_root = ".opencode"
dest_path = "skills/delegation"
installed_checksum = "sha256:b622574fa9382d99e1f2db49f07bbcad8ba10499101c6497775d50c1f7eed2a6"

[items."skill/dev-workflow"]
source = "_self"
kind = "skill"
source_checksum = "sha256:68b51d17ad8f014d6162e7e034087580cf590afd2e93296436d69fb4f25b27ab"

[[items."skill/dev-workflow".outputs]]
target_root = ".claude"
dest_path = "skills/dev-workflow"
installed_checksum = "sha256:2345666ed39873040645a2c69cd41aa6747ef4816dd169860ca57b6a6a2e5e3f"

[[items."skill/dev-workflow".outputs]]
target_root = ".codex"
dest_path = "skills/dev-workflow"
installed_checksum = "sha256:b2130f90c7a89a0fa8c39550acee6883e3b1da398b1d5941d58c24c2a762c08d"

[[items."skill/dev-workflow".outputs]]
target_root = ".mars"
dest_path = "skills/dev-workflow"
installed_checksum = "sha256:68b51d17ad8f014d6162e7e034087580cf590afd2e93296436d69fb4f25b27ab"

[[items."skill/dev-workflow".outputs]]
target_root = ".opencode"
dest_path = "skills/dev-workflow"
installed_checksum = "sha256:2345666ed39873040645a2c69cd41aa6747ef4816dd169860ca57b6a6a2e5e3f"

[items."skill/frontend-design"]
source = "anthropic-skills"
kind = "skill"
source_checksum = "sha256:3dc9d9c837c7f390c1bf8b13e4667cf167340067bfbaf6d734d644eb08c640a1"

[[items."skill/frontend-design".outputs]]
target_root = ".claude"
dest_path = "skills/frontend-design"
installed_checksum = "sha256:3dc9d9c837c7f390c1bf8b13e4667cf167340067bfbaf6d734d644eb08c640a1"

[[items."skill/frontend-design".outputs]]
target_root = ".codex"
dest_path = "skills/frontend-design"
installed_checksum = "sha256:3dc9d9c837c7f390c1bf8b13e4667cf167340067bfbaf6d734d644eb08c640a1"

[[items."skill/frontend-design".outputs]]
target_root = ".mars"
dest_path = "skills/frontend-design"
installed_checksum = "sha256:3dc9d9c837c7f390c1bf8b13e4667cf167340067bfbaf6d734d644eb08c640a1"

[[items."skill/frontend-design".outputs]]
target_root = ".opencode"
dest_path = "skills/frontend-design"
installed_checksum = "sha256:3dc9d9c837c7f390c1bf8b13e4667cf167340067bfbaf6d734d644eb08c640a1"

[items."skill/grill-with-docs"]
source = "meridian-base"
kind = "skill"
version = "v0.6.0"
source_checksum = "sha256:2ea97ce10924f01775f0fc606608f3a8841b683e9c92a0f5ded81173cf30a2ea"

[[items."skill/grill-with-docs".outputs]]
target_root = ".claude"
dest_path = "skills/grill-with-docs"
installed_checksum = "sha256:15060dadd2ba0eaac1258d5f07fcf26eb3efb0ede017662deb3fced74784876b"

[[items."skill/grill-with-docs".outputs]]
target_root = ".codex"
dest_path = "skills/grill-with-docs"
installed_checksum = "sha256:c229e330a16d93ed23e939fb4f0dded3d002fe660a7a54631c28ea92adc526c8"

[[items."skill/grill-with-docs".outputs]]
target_root = ".mars"
dest_path = "skills/grill-with-docs"
installed_checksum = "sha256:2ea97ce10924f01775f0fc606608f3a8841b683e9c92a0f5ded81173cf30a2ea"

[[items."skill/grill-with-docs".outputs]]
target_root = ".opencode"
dest_path = "skills/grill-with-docs"
installed_checksum = "sha256:15060dadd2ba0eaac1258d5f07fcf26eb3efb0ede017662deb3fced74784876b"

[items."skill/improve-codebase-architecture"]
source = "_self"
kind = "skill"
source_checksum = "sha256:cfc1adde829f2f9ceec183751722170728e401190d6710004b91ca40d7bd372c"

[[items."skill/improve-codebase-architecture".outputs]]
target_root = ".claude"
dest_path = "skills/improve-codebase-architecture"
installed_checksum = "sha256:2a60ec82302efdafb8cc8a92bfdf5498b86d9e20411006008552c8e4f9c4a87c"

[[items."skill/improve-codebase-architecture".outputs]]
target_root = ".codex"
dest_path = "skills/improve-codebase-architecture"
installed_checksum = "sha256:7fe97bf5e6490523b5b79dcf395e46b0a9a965cf410862cb0251cd174dcab00b"

[[items."skill/improve-codebase-architecture".outputs]]
target_root = ".mars"
dest_path = "skills/improve-codebase-architecture"
installed_checksum = "sha256:cfc1adde829f2f9ceec183751722170728e401190d6710004b91ca40d7bd372c"

[[items."skill/improve-codebase-architecture".outputs]]
target_root = ".opencode"
dest_path = "skills/improve-codebase-architecture"
installed_checksum = "sha256:2a60ec82302efdafb8cc8a92bfdf5498b86d9e20411006008552c8e4f9c4a87c"

[items."skill/intent-modeling"]
source = "meridian-base"
kind = "skill"
version = "v0.6.0"
source_checksum = "sha256:eae4988330adf261313490acd9811aebb54a9cab5de81254dc5bb22c89afaa2f"

[[items."skill/intent-modeling".outputs]]
target_root = ".claude"
dest_path = "skills/intent-modeling"
installed_checksum = "sha256:e7781744a3ed3c948a1ae8a91a2bfa29ea0ae428ea6117197a8f2c634dfb26a5"

[[items."skill/intent-modeling".outputs]]
target_root = ".codex"
dest_path = "skills/intent-modeling"
installed_checksum = "sha256:3259eb2aa5a403bf5b293f95be0cacea24d4c1a046b35d809a20bcd0b6a1129d"

[[items."skill/intent-modeling".outputs]]
target_root = ".mars"
dest_path = "skills/intent-modeling"
installed_checksum = "sha256:eae4988330adf261313490acd9811aebb54a9cab5de81254dc5bb22c89afaa2f"

[[items."skill/intent-modeling".outputs]]
target_root = ".opencode"
dest_path = "skills/intent-modeling"
installed_checksum = "sha256:e7781744a3ed3c948a1ae8a91a2bfa29ea0ae428ea6117197a8f2c634dfb26a5"

[items."skill/kb-conventions"]
source = "meridian-base"
kind = "skill"
version = "v0.6.0"
source_checksum = "sha256:8a0d68d8c9f62741cc17ef45df743e46661e0938e9f4e1be6fd13827da47bc61"

[[items."skill/kb-conventions".outputs]]
target_root = ".claude"
dest_path = "skills/kb-conventions"
installed_checksum = "sha256:fde82b5aad6d1f1ec56042a586b93fc1d180270b915af4f57d40a4d4d79ce141"

[[items."skill/kb-conventions".outputs]]
target_root = ".codex"
dest_path = "skills/kb-conventions"
installed_checksum = "sha256:65d0c13414edba7275ccdf83f1e2d530d091636e6705431587a6a17e0e898edd"

[[items."skill/kb-conventions".outputs]]
target_root = ".mars"
dest_path = "skills/kb-conventions"
installed_checksum = "sha256:8a0d68d8c9f62741cc17ef45df743e46661e0938e9f4e1be6fd13827da47bc61"

[[items."skill/kb-conventions".outputs]]
target_root = ".opencode"
dest_path = "skills/kb-conventions"
installed_checksum = "sha256:fde82b5aad6d1f1ec56042a586b93fc1d180270b915af4f57d40a4d4d79ce141"

[items."skill/knowledge-capture"]
source = "meridian-base"
kind = "skill"
version = "v0.6.0"
source_checksum = "sha256:eca99f2c3f8cc6367f42ee6e658c2ed2c446b9970057ae55930cc081959e3ba3"

[[items."skill/knowledge-capture".outputs]]
target_root = ".claude"
dest_path = "skills/knowledge-capture"
installed_checksum = "sha256:08372c1a8993ec9b1c1577845fae8f823670b1aeabd6d0cd8d0f90fae892560b"

[[items."skill/knowledge-capture".outputs]]
target_root = ".codex"
dest_path = "skills/knowledge-capture"
installed_checksum = "sha256:dad023dc80be51e67c34b6d537029888d467b8be0559bbf70a1a68de8ddf7ff9"

[[items."skill/knowledge-capture".outputs]]
target_root = ".mars"
dest_path = "skills/knowledge-capture"
installed_checksum = "sha256:eca99f2c3f8cc6367f42ee6e658c2ed2c446b9970057ae55930cc081959e3ba3"

[[items."skill/knowledge-capture".outputs]]
target_root = ".opencode"
dest_path = "skills/knowledge-capture"
installed_checksum = "sha256:08372c1a8993ec9b1c1577845fae8f823670b1aeabd6d0cd8d0f90fae892560b"

[items."skill/llm-writing"]
source = "meridian-base"
kind = "skill"
version = "v0.6.0"
source_checksum = "sha256:f2a617c0681f82c74101ca5c9d5c741be1cabd863253cd4598c4b6bd9bc46b68"

[[items."skill/llm-writing".outputs]]
target_root = ".claude"
dest_path = "skills/llm-writing"
installed_checksum = "sha256:dd619a72aaa413da03c4ef28cc2dba26965b8bae34e5934edc193c75d76ecd58"

[[items."skill/llm-writing".outputs]]
target_root = ".codex"
dest_path = "skills/llm-writing"
installed_checksum = "sha256:d7e8d252e29ca884d4c2263d2a47fd2c46c6158762643510623cdb6e0e18d934"

[[items."skill/llm-writing".outputs]]
target_root = ".mars"
dest_path = "skills/llm-writing"
installed_checksum = "sha256:f2a617c0681f82c74101ca5c9d5c741be1cabd863253cd4598c4b6bd9bc46b68"

[[items."skill/llm-writing".outputs]]
target_root = ".opencode"
dest_path = "skills/llm-writing"
installed_checksum = "sha256:dd619a72aaa413da03c4ef28cc2dba26965b8bae34e5934edc193c75d76ecd58"

[items."skill/md-validation"]
source = "meridian-base"
kind = "skill"
version = "v0.6.0"
source_checksum = "sha256:ecdf66536c6b5a380b2701d354a0278d8516b1e3df7025d6aa7bbc3df2bf0087"

[[items."skill/md-validation".outputs]]
target_root = ".claude"
dest_path = "skills/md-validation"
installed_checksum = "sha256:5dd98bd555320c150a8f21c5af34050f37c0e96e686f668ffcb485a8ca387faa"

[[items."skill/md-validation".outputs]]
target_root = ".codex"
dest_path = "skills/md-validation"
installed_checksum = "sha256:5dd98bd555320c150a8f21c5af34050f37c0e96e686f668ffcb485a8ca387faa"

[[items."skill/md-validation".outputs]]
target_root = ".mars"
dest_path = "skills/md-validation"
installed_checksum = "sha256:ecdf66536c6b5a380b2701d354a0278d8516b1e3df7025d6aa7bbc3df2bf0087"

[[items."skill/md-validation".outputs]]
target_root = ".opencode"
dest_path = "skills/md-validation"
installed_checksum = "sha256:5dd98bd555320c150a8f21c5af34050f37c0e96e686f668ffcb485a8ca387faa"

[items."skill/meridian-privilege-escalation"]
source = "meridian-base"
kind = "skill"
version = "v0.6.0"
source_checksum = "sha256:f12cb0de06ec314db9001ec55d1f8502fd994eb8d4c129ae96257abe93d8d8b5"

[[items."skill/meridian-privilege-escalation".outputs]]
target_root = ".claude"
dest_path = "skills/meridian-privilege-escalation"
installed_checksum = "sha256:ddc002e6bc4a9609b1e1c13b0323298af6762ca8c9fd793836a294553850e40d"

[[items."skill/meridian-privilege-escalation".outputs]]
target_root = ".codex"
dest_path = "skills/meridian-privilege-escalation"
installed_checksum = "sha256:ddc002e6bc4a9609b1e1c13b0323298af6762ca8c9fd793836a294553850e40d"

[[items."skill/meridian-privilege-escalation".outputs]]
target_root = ".mars"
dest_path = "skills/meridian-privilege-escalation"
installed_checksum = "sha256:f12cb0de06ec314db9001ec55d1f8502fd994eb8d4c129ae96257abe93d8d8b5"

[[items."skill/meridian-privilege-escalation".outputs]]
target_root = ".opencode"
dest_path = "skills/meridian-privilege-escalation"
installed_checksum = "sha256:ddc002e6bc4a9609b1e1c13b0323298af6762ca8c9fd793836a294553850e40d"

[items."skill/meridian-spawn"]
source = "meridian-base"
kind = "skill"
version = "v0.6.0"
source_checksum = "sha256:ae556f9b19d76bb484e64083ed7095142e5d78e07babfa1dc5be2e611aa41a10"

[[items."skill/meridian-spawn".outputs]]
target_root = ".claude"
dest_path = "skills/meridian-spawn"
installed_checksum = "sha256:1df80562ff43eb77b06cfd2e803ab211969befaf61bb10ef23f825716dfd33cc"

[[items."skill/meridian-spawn".outputs]]
target_root = ".codex"
dest_path = "skills/meridian-spawn"
installed_checksum = "sha256:d933a3f4ced7b68eff76efeef6765a7879afcbc93417138e5df9d3bdae2e7a0a"

[[items."skill/meridian-spawn".outputs]]
target_root = ".mars"
dest_path = "skills/meridian-spawn"
installed_checksum = "sha256:ae556f9b19d76bb484e64083ed7095142e5d78e07babfa1dc5be2e611aa41a10"

[[items."skill/meridian-spawn".outputs]]
target_root = ".opencode"
dest_path = "skills/meridian-spawn"
installed_checksum = "sha256:1df80562ff43eb77b06cfd2e803ab211969befaf61bb10ef23f825716dfd33cc"

[items."skill/meridian-work-coordination"]
source = "meridian-base"
kind = "skill"
version = "v0.6.0"
source_checksum = "sha256:cde1e2e19dc7ba353ee2427475650bc45428813f201df47fb403295747984ab1"

[[items."skill/meridian-work-coordination".outputs]]
target_root = ".claude"
dest_path = "skills/meridian-work-coordination"
installed_checksum = "sha256:faa3b0e85dda62351f9cc7c9f79e80a10bc199e855759f073905bad905e8996f"

[[items."skill/meridian-work-coordination".outputs]]
target_root = ".codex"
dest_path = "skills/meridian-work-coordination"
installed_checksum = "sha256:ee3abda927fa792d0e752c76495ffeb3db815b1de17d03fa653b1f5a55d43eed"

[[items."skill/meridian-work-coordination".outputs]]
target_root = ".mars"
dest_path = "skills/meridian-work-coordination"
installed_checksum = "sha256:cde1e2e19dc7ba353ee2427475650bc45428813f201df47fb403295747984ab1"

[[items."skill/meridian-work-coordination".outputs]]
target_root = ".opencode"
dest_path = "skills/meridian-work-coordination"
installed_checksum = "sha256:faa3b0e85dda62351f9cc7c9f79e80a10bc199e855759f073905bad905e8996f"

[items."skill/playwright-cli"]
source = "playwright-cli"
kind = "skill"
version = "main"
source_checksum = "sha256:108643971d8746de2557285863d6f28ad40bcd6fbf406a5ca1d8797b34357f1e"

[[items."skill/playwright-cli".outputs]]
target_root = ".claude"
dest_path = "skills/playwright-cli"
installed_checksum = "sha256:7ab9bd394deb0f7a480c94f1ae8390cce862219534b33139336ca167467cf0d9"

[[items."skill/playwright-cli".outputs]]
target_root = ".codex"
dest_path = "skills/playwright-cli"
installed_checksum = "sha256:60ed2bfd0b2bc865ed3b37e09dfd3126872acc9198224844292758a99c4ecf1b"

[[items."skill/playwright-cli".outputs]]
target_root = ".mars"
dest_path = "skills/playwright-cli"
installed_checksum = "sha256:108643971d8746de2557285863d6f28ad40bcd6fbf406a5ca1d8797b34357f1e"

[[items."skill/playwright-cli".outputs]]
target_root = ".opencode"
dest_path = "skills/playwright-cli"
installed_checksum = "sha256:60ed2bfd0b2bc865ed3b37e09dfd3126872acc9198224844292758a99c4ecf1b"

[items."skill/post-dev"]
source = "_self"
kind = "skill"
source_checksum = "sha256:0f2348c3161465e064f82c0a43dab04006fd9fc7fb4403f540747c5af4206fd5"

[[items."skill/post-dev".outputs]]
target_root = ".claude"
dest_path = "skills/post-dev"
installed_checksum = "sha256:e181e3200df2c0d18bf6a61cc1e1ffae3530378712116204437b513dc5da7cbd"

[[items."skill/post-dev".outputs]]
target_root = ".codex"
dest_path = "skills/post-dev"
installed_checksum = "sha256:859b0949b4d8a0b55f3bda6adc926dc7d711c36110996460fff592cb72424326"

[[items."skill/post-dev".outputs]]
target_root = ".mars"
dest_path = "skills/post-dev"
installed_checksum = "sha256:0f2348c3161465e064f82c0a43dab04006fd9fc7fb4403f540747c5af4206fd5"

[[items."skill/post-dev".outputs]]
target_root = ".opencode"
dest_path = "skills/post-dev"
installed_checksum = "sha256:e7ba7938240c78670181d89df777b5e3d20da09567fce84f56d9b799944ed454"

[items."skill/pre-dev"]
source = "_self"
kind = "skill"
source_checksum = "sha256:a85664eb8aba428a934798b3874874099dae8910ce9e9dedfef2eb1f642620bc"

[[items."skill/pre-dev".outputs]]
target_root = ".claude"
dest_path = "skills/pre-dev"
installed_checksum = "sha256:df7e313e8df5a4d2a150c2f5e03a7b3b865c378c477019e8daa169856399cae2"

[[items."skill/pre-dev".outputs]]
target_root = ".codex"
dest_path = "skills/pre-dev"
installed_checksum = "sha256:e6e36d7da647ff097dc82d161492011cb42d17df9937b559fb90c2b2eefcad2e"

[[items."skill/pre-dev".outputs]]
target_root = ".mars"
dest_path = "skills/pre-dev"
installed_checksum = "sha256:a85664eb8aba428a934798b3874874099dae8910ce9e9dedfef2eb1f642620bc"

[[items."skill/pre-dev".outputs]]
target_root = ".opencode"
dest_path = "skills/pre-dev"
installed_checksum = "sha256:12f42973dc66ad91baeae3b9f7990e2cdd064212bdf28409925d9e56722c990c"

[items."skill/prompt-principles"]
source = "meridian-prompter"
kind = "skill"
version = "v0.2.2"
source_checksum = "sha256:20d6e0809dda664e7d2af05ba2e8b2d15c251c667432913d38c00c5ffc37b458"

[[items."skill/prompt-principles".outputs]]
target_root = ".claude"
dest_path = "skills/prompt-principles"
installed_checksum = "sha256:83c3aac3caf92d8f5142a5c5c2ea91c24048c23e80836835838c39cb21067af8"

[[items."skill/prompt-principles".outputs]]
target_root = ".codex"
dest_path = "skills/prompt-principles"
installed_checksum = "sha256:dccd0d0ebc98ff62d0d0e3f77337c2a76e25105553c1db6fb1aa8235358ebb3e"

[[items."skill/prompt-principles".outputs]]
target_root = ".mars"
dest_path = "skills/prompt-principles"
installed_checksum = "sha256:20d6e0809dda664e7d2af05ba2e8b2d15c251c667432913d38c00c5ffc37b458"

[[items."skill/prompt-principles".outputs]]
target_root = ".opencode"
dest_path = "skills/prompt-principles"
installed_checksum = "sha256:c3bff12f83229f73caf564fe3d66c0ff053288fa4520b922593dd35c4d867041"

[items."skill/prompt-review"]
source = "meridian-prompter"
kind = "skill"
version = "v0.2.2"
source_checksum = "sha256:da083eff1c87f29134d4851f16c3ef82c7b6fb18e93a79e3b290712dcd1ff354"

[[items."skill/prompt-review".outputs]]
target_root = ".claude"
dest_path = "skills/prompt-review"
installed_checksum = "sha256:1de8f4a5fe44637a2d5bdec5879cc9257987fc37d11f0907010e2878e04362ff"

[[items."skill/prompt-review".outputs]]
target_root = ".codex"
dest_path = "skills/prompt-review"
installed_checksum = "sha256:77bb327e4249323249efeb828ef052a7dc7a7c5ebac96682bb13f305f8ca2975"

[[items."skill/prompt-review".outputs]]
target_root = ".mars"
dest_path = "skills/prompt-review"
installed_checksum = "sha256:da083eff1c87f29134d4851f16c3ef82c7b6fb18e93a79e3b290712dcd1ff354"

[[items."skill/prompt-review".outputs]]
target_root = ".opencode"
dest_path = "skills/prompt-review"
installed_checksum = "sha256:a6a6cde35726bd7a9b323cb64866a80d9ea2b02a571c31bee652182b61dcdbb0"

[items."skill/prototype"]
source = "_self"
kind = "skill"
source_checksum = "sha256:c39877d3a776ca8fdb740d80131ad0d6a24220f8b0e43f4def983a9609f1c5a0"

[[items."skill/prototype".outputs]]
target_root = ".claude"
dest_path = "skills/prototype"
installed_checksum = "sha256:4d17d8fcf9a891e44415af051cc8483aa35356b619e354c6ea2a9a7b8870cf09"

[[items."skill/prototype".outputs]]
target_root = ".codex"
dest_path = "skills/prototype"
installed_checksum = "sha256:c148f108068c55a2ea7396fa963bf850c0edb89797b5a9455783ac09221e699a"

[[items."skill/prototype".outputs]]
target_root = ".mars"
dest_path = "skills/prototype"
installed_checksum = "sha256:c39877d3a776ca8fdb740d80131ad0d6a24220f8b0e43f4def983a9609f1c5a0"

[[items."skill/prototype".outputs]]
target_root = ".opencode"
dest_path = "skills/prototype"
installed_checksum = "sha256:4d17d8fcf9a891e44415af051cc8483aa35356b619e354c6ea2a9a7b8870cf09"

[items."skill/qi-layer"]
source = "meridian-base"
kind = "skill"
version = "v0.6.0"
source_checksum = "sha256:05dbd230da4413f9f417f8ff9466a8ee18744d1ac9633c914b1113317e111ce9"

[[items."skill/qi-layer".outputs]]
target_root = ".claude"
dest_path = "skills/qi-layer"
installed_checksum = "sha256:e2ee84e2a375d0d11f9f0cd1d991d4ab0175333afcfb402342e714a0ea067371"

[[items."skill/qi-layer".outputs]]
target_root = ".codex"
dest_path = "skills/qi-layer"
installed_checksum = "sha256:e2ee84e2a375d0d11f9f0cd1d991d4ab0175333afcfb402342e714a0ea067371"

[[items."skill/qi-layer".outputs]]
target_root = ".mars"
dest_path = "skills/qi-layer"
installed_checksum = "sha256:05dbd230da4413f9f417f8ff9466a8ee18744d1ac9633c914b1113317e111ce9"

[[items."skill/qi-layer".outputs]]
target_root = ".opencode"
dest_path = "skills/qi-layer"
installed_checksum = "sha256:e2ee84e2a375d0d11f9f0cd1d991d4ab0175333afcfb402342e714a0ea067371"

[items."skill/reflection"]
source = "meridian-base"
kind = "skill"
version = "v0.6.0"
source_checksum = "sha256:0037eae994f558640022b2777e68978f744ac91697cbed8efca6a78048df833d"

[[items."skill/reflection".outputs]]
target_root = ".claude"
dest_path = "skills/reflection"
installed_checksum = "sha256:45a0fc37edde74e3fc7bf7dc930d2e4105109838f579fd0d72d0f4daaf26f44d"

[[items."skill/reflection".outputs]]
target_root = ".codex"
dest_path = "skills/reflection"
installed_checksum = "sha256:40961ad0d4bf470fb979e59f87f0928de58adc600a7bbb015b3d65194d5d70e7"

[[items."skill/reflection".outputs]]
target_root = ".mars"
dest_path = "skills/reflection"
installed_checksum = "sha256:0037eae994f558640022b2777e68978f744ac91697cbed8efca6a78048df833d"

[[items."skill/reflection".outputs]]
target_root = ".opencode"
dest_path = "skills/reflection"
installed_checksum = "sha256:45a0fc37edde74e3fc7bf7dc930d2e4105109838f579fd0d72d0f4daaf26f44d"

[items."skill/session-mining"]
source = "meridian-base"
kind = "skill"
version = "v0.6.0"
source_checksum = "sha256:aebd64aa805574bc6c80c32c6d3f0870af6645cc3080bd1dcb28fe396bb9b39a"

[[items."skill/session-mining".outputs]]
target_root = ".claude"
dest_path = "skills/session-mining"
installed_checksum = "sha256:a7b164fad12d602437e220d57a532ac14072886e6da3b5808f2f353bca466eeb"

[[items."skill/session-mining".outputs]]
target_root = ".codex"
dest_path = "skills/session-mining"
installed_checksum = "sha256:62f950156db5b1ea9927fda7ba2635fb167b5c663e4d038cc05aa0478410f423"

[[items."skill/session-mining".outputs]]
target_root = ".mars"
dest_path = "skills/session-mining"
installed_checksum = "sha256:aebd64aa805574bc6c80c32c6d3f0870af6645cc3080bd1dcb28fe396bb9b39a"

[[items."skill/session-mining".outputs]]
target_root = ".opencode"
dest_path = "skills/session-mining"
installed_checksum = "sha256:a7b164fad12d602437e220d57a532ac14072886e6da3b5808f2f353bca466eeb"

[items."skill/shared-dao"]
source = "meridian-base"
kind = "skill"
version = "v0.6.0"
source_checksum = "sha256:d24349751b2ecdf447fbbecb69688d41e9d776af9e5e09025c55b900f666d65e"

[[items."skill/shared-dao".outputs]]
target_root = ".claude"
dest_path = "skills/shared-dao"
installed_checksum = "sha256:2c1c12131ed0a9c4fac58a9a8ff0de2bb9ca0a167da000c82d9b8572c590ee0b"

[[items."skill/shared-dao".outputs]]
target_root = ".codex"
dest_path = "skills/shared-dao"
installed_checksum = "sha256:c5d4bebe9b20cada1e443736ecd158190d4f25bfb63b1ef961f7a351d887843f"

[[items."skill/shared-dao".outputs]]
target_root = ".mars"
dest_path = "skills/shared-dao"
installed_checksum = "sha256:d24349751b2ecdf447fbbecb69688d41e9d776af9e5e09025c55b900f666d65e"

[[items."skill/shared-dao".outputs]]
target_root = ".opencode"
dest_path = "skills/shared-dao"
installed_checksum = "sha256:2c1c12131ed0a9c4fac58a9a8ff0de2bb9ca0a167da000c82d9b8572c590ee0b"

[items."skill/shared-workspace"]
source = "meridian-base"
kind = "skill"
version = "v0.6.0"
source_checksum = "sha256:3a1adafcc4b9f12876823437fe35de0eedffc0fbc6377e868226990f34e7ce43"

[[items."skill/shared-workspace".outputs]]
target_root = ".claude"
dest_path = "skills/shared-workspace"
installed_checksum = "sha256:5d7aae598b1e98bd7afa8ec1a743d1338598833e2b6a242801642726b01ac54d"

[[items."skill/shared-workspace".outputs]]
target_root = ".codex"
dest_path = "skills/shared-workspace"
installed_checksum = "sha256:e47921cd79b94a543c0f99be1140dbcd2d13250c0c0754c9047ec18b27a17752"

[[items."skill/shared-workspace".outputs]]
target_root = ".mars"
dest_path = "skills/shared-workspace"
installed_checksum = "sha256:3a1adafcc4b9f12876823437fe35de0eedffc0fbc6377e868226990f34e7ce43"

[[items."skill/shared-workspace".outputs]]
target_root = ".opencode"
dest_path = "skills/shared-workspace"
installed_checksum = "sha256:5d7aae598b1e98bd7afa8ec1a743d1338598833e2b6a242801642726b01ac54d"

[items."skill/skill-artifacts"]
source = "meridian-prompter"
kind = "skill"
version = "v0.2.2"
source_checksum = "sha256:aa5f11d84cab8f991abe5260cff0d1af9f61ef6229d16d54616004ab08040a36"

[[items."skill/skill-artifacts".outputs]]
target_root = ".claude"
dest_path = "skills/skill-artifacts"
installed_checksum = "sha256:1cc78b9166e04b7c2501010164b83e48bde06994fe55b5eed2901e7b534e94eb"

[[items."skill/skill-artifacts".outputs]]
target_root = ".codex"
dest_path = "skills/skill-artifacts"
installed_checksum = "sha256:893348c022e3c0a848db3376b918f945bd88f35f1885263ef12cf6e9181c36aa"

[[items."skill/skill-artifacts".outputs]]
target_root = ".mars"
dest_path = "skills/skill-artifacts"
installed_checksum = "sha256:aa5f11d84cab8f991abe5260cff0d1af9f61ef6229d16d54616004ab08040a36"

[[items."skill/skill-artifacts".outputs]]
target_root = ".opencode"
dest_path = "skills/skill-artifacts"
installed_checksum = "sha256:b04d46f8a12f43ec8f03e6e2e4258f52f9770e86aac019b6ec356d1678c7df6e"

[items."skill/testing"]
source = "_self"
kind = "skill"
source_checksum = "sha256:b141d87293fbcb4aaff03f201e03b182385e79c8ace4e8091e9cf0a3908d7968"

[[items."skill/testing".outputs]]
target_root = ".claude"
dest_path = "skills/testing"
installed_checksum = "sha256:e7cc11e4ad1374144b9a168d75cdda90697c2b88e095f8f934cae25c785fc3c0"

[[items."skill/testing".outputs]]
target_root = ".codex"
dest_path = "skills/testing"
installed_checksum = "sha256:ce33235b945e4c95296778a84edd79985ebe335a3e6351e3c9dc75bbdccd2ed6"

[[items."skill/testing".outputs]]
target_root = ".mars"
dest_path = "skills/testing"
installed_checksum = "sha256:b141d87293fbcb4aaff03f201e03b182385e79c8ace4e8091e9cf0a3908d7968"

[[items."skill/testing".outputs]]
target_root = ".opencode"
dest_path = "skills/testing"
installed_checksum = "sha256:e7cc11e4ad1374144b9a168d75cdda90697c2b88e095f8f934cae25c785fc3c0"

[items."skill/work-tracking"]
source = "meridian-base"
kind = "skill"
version = "v0.6.0"
source_checksum = "sha256:6bf22a6c45ef5a28258e4a1e2d2283712a9ac4244d8271b0c886149cbe90b78d"

[[items."skill/work-tracking".outputs]]
target_root = ".claude"
dest_path = "skills/work-tracking"
installed_checksum = "sha256:48b61830486073b3cb92b1394fd4da31c67a38a6ab48bd16efb8d9090af01a76"

[[items."skill/work-tracking".outputs]]
target_root = ".codex"
dest_path = "skills/work-tracking"
installed_checksum = "sha256:1df4883df93659feb66fc154d42502ac35146a47c1fd06a208d18be00015e9d1"

[[items."skill/work-tracking".outputs]]
target_root = ".mars"
dest_path = "skills/work-tracking"
installed_checksum = "sha256:6bf22a6c45ef5a28258e4a1e2d2283712a9ac4244d8271b0c886149cbe90b78d"

[[items."skill/work-tracking".outputs]]
target_root = ".opencode"
dest_path = "skills/work-tracking"
installed_checksum = "sha256:48b61830486073b3cb92b1394fd4da31c67a38a6ab48bd16efb8d9090af01a76"

[dependency_model_aliases.codex]
description = "Default backend implementer. Fast, token-efficient, faithful to instructions. Weak at frontend."
default_effort = "high"
provider = "openai"
match = ["gpt-*-codex"]
exclude = [
    "*-mini",
    "*-spark",
    "*-max",
]

[dependency_model_aliases.composer]
harness = "cursor"
description = "Cursor's native coding model. Fast, strong tool use."
model = "composer-2.5"
provider = "cursor"

[dependency_model_aliases.deepseek]
description = "DeepSeek V4 Pro - cheap, all around good text coder for constrained tasks"
default_effort = "high"
model = "deepseek-v4-pro"

[dependency_model_aliases.deepseekflash]
description = "DeepSeek V4 Flash - cheap, all around good text coder for constrained tasks"
default_effort = "high"
model = "deepseek-v4-flash"

[dependency_model_aliases.gpt]
description = "Strongest generalist. Best all-around judgment, nuanced review, verification, and architectural reasoning."
default_effort = "high"
model = "gpt-5.4"
match = ["gpt-5*"]
exclude = [
    "*codex*",
    "*-pro",
    "*-mini",
    "*-nano",
    "*-chat",
    "*-turbo",
]

[dependency_model_aliases.gpt55]
description = "GPT-5.5 — action-oriented, fast. Best on low effort; overthinks on high. Good clean code output but weak at nuanced judgment."
default_effort = "low"
model = "gpt-5.5"

[dependency_model_aliases.gptmini]
description = "Fast and cheap. Good for bulk exploration and simple tasks."
default_effort = "high"
provider = "openai"
match = ["gpt-5*-mini"]
exclude = ["*-nano"]

[dependency_model_aliases.opus]
harness = "claude"
description = "Best for orchestration, frontend, UI/UX, and creative work. Strong instruction-following."
default_effort = "high"
model = "claude-opus-4-6"
match = ["*opus*"]
exclude = ["*:*"]

[dependency_model_aliases.opus46]
harness = "claude"
description = "Opus 4.6 — best generic model for infering human intent and generically very good at everything."
default_effort = "high"
model = "claude-opus-4-6"

[dependency_model_aliases.opus47]
harness = "claude"
description = "Opus 4.7 — Best agentic coding. Literal instruction-following breaks complex prompts. Best at UI/UX design work."
default_effort = "high"
model = "claude-opus-4-7"

[dependency_model_aliases.opus48]
harness = "claude"
description = "Opus 4.8 — Long horizon tasks and best orchestration model."
default_effort = "high"
model = "claude-opus-4-8"

[dependency_model_aliases.sonnet]
harness = "claude"
description = "Balanced Claude model - good reasoning at lower cost than Opus. Good writing/documentation style."
default_effort = "high"
provider = "anthropic"
match = ["*sonnet*"]
exclude = ["*:*"]
